
Microsoft Visual Studio Solution File, Format Version 12.00
# Visual Studio 15
VisualStudioVersion = 15.0.28307.136
MinimumVisualStudioVersion = 10.0.40219.1
Project("{FAE04EC0-301F-11D3-BF4B-00C04F79EFBC}") = "CrediBlaster", "CrediBlaster\CrediBlaster.csproj", "{BBA17C65-BC99-4760-9B62-B74D980616C2}"
EndProject
Global
	GlobalSection(SolutionConfigurationPlatforms) = preSolution
		Debug|Any CPU = Debug|Any CPU
		Release|Any CPU = Release|Any CPU
	EndGlobalSection
	GlobalSection(ProjectConfigurationPlatforms) = postSolution
		{BBA17C65-BC99-4760-9B62-B74D980616C2}.Debug|Any CPU.ActiveCfg = Debug|Any CPU
		{BBA17C65-BC99-4760-9B62-B74D980616C2}.Debug|Any CPU.Build.0 = Debug|Any CPU
		{BBA17C65-BC99-4760-9B62-B74D980616C2}.Release|Any CPU.ActiveCfg = Release|Any CPU
		{BBA17C65-BC99-4760-9B62-B74D980616C2}.Release|Any CPU.Build.0 = Release|Any CPU
	EndGlobalSection
	GlobalSection(SolutionProperties) = preSolution
		HideSolutionNode = FALSE
	EndGlobalSection
	GlobalSection(ExtensibilityGlobals) = postSolution
		SolutionGuid = {C86A6336-4D08-4EBD-9F87-60A5AD70AF1A}
	EndGlobalSection
EndGlobal
